{
  "nodes": {
    "flake-utils": {
      "locked": {
        "lastModified": 1659877975,
        "narHash": "sha256-zllb8aq3YO3h8B/U0/J1WBgAL8EX5yWf5pMj3G0NAmc=",
        "owner": "numtide",
        "repo": "flake-utils",
        "rev": "c0e246b9b83f637f4681389ecabcb2681b4f3af0",
        "type": "github"
      },
      "original": {
        "owner": "numtide",
        "repo": "flake-utils",
        "type": "github"
      }
    },
    "nixpkgs": {
      "locked": {
        "lastModified": 1666096911,
        "narHash": "sha256-c/pv4MiFiPFfMPgiWN5qc9ADYcTkPlMCE4SYZBedB0Q=",
        "owner": "nixos",
        "repo": "nixpkgs",
        "rev": "5c77b29073f0d679aee8056da3ced1cfb3d3aecb",
        "type": "github"
      },
      "original": {
        "owner": "nixos",
        "ref": "nixpkgs-unstable",
        "repo": "nixpkgs",
        "type": "github"
      }
    },
    "nixpkgs_2": {
      "locked": {
        "lastModified": 1666137378,
        "narHash": "sha256-GRRUE9eHqA19ag/2B/8JXIL1M+92GLhBW4IjY7yruh4=",
        "owner": "NixOS",
        "repo": "nixpkgs",
        "rev": "b459fda544669638c3544d2e337c7a5af4ccaded",
        "type": "github"
      },
      "original": {
        "owner": "NixOS",
        "repo": "nixpkgs",
        "type": "github"
      }
    },
    "poetry2nix": {
      "inputs": {
        "flake-utils": "flake-utils",
        "nixpkgs": "nixpkgs_2"
      },
      "locked": {
        "lastModified": 1666117127,
        "narHash": "sha256-5rSivj6eYEMYky4TIWJvxhXRrfLROTokDLRNc/5tPlk=",
        "owner": "nix-community",
        "repo": "poetry2nix",
        "rev": "83e8ea988ea545eea873d5f257ba7b65b340a2e0",
        "type": "github"
      },
      "original": {
        "owner": "nix-community",
        "repo": "poetry2nix",
        "type": "github"
      }
    },
    "root": {
      "inputs": {
        "nixpkgs": "nixpkgs",
        "poetry2nix": "poetry2nix",
        "utils": "utils"
      }
    },
    "utils": {
      "locked": {
        "lastModified": 1659877975,
        "narHash": "sha256-zllb8aq3YO3h8B/U0/J1WBgAL8EX5yWf5pMj3G0NAmc=",
        "owner": "numtide",
        "repo": "flake-utils",
        "rev": "c0e246b9b83f637f4681389ecabcb2681b4f3af0",
        "type": "github"
      },
      "original": {
        "owner": "numtide",
        "repo": "flake-utils",
        "type": "github"
      }
    }
  },
  "root": "root",
  "version": 7
}
