{
  "nodes": {
    "flake-utils": {
      "locked": {
        "lastModified": 1649676176,
        "narHash": "sha256-OWKJratjt2RW151VUlJPRALb7OU2S5s+f0vLj4o1bHM=",
        "owner": "numtide",
        "repo": "flake-utils",
        "rev": "a4b154ebbdc88c8498a5c7b01589addc9e9cb678",
        "type": "github"
      },
      "original": {
        "owner": "numtide",
        "repo": "flake-utils",
        "type": "github"
      }
    },
    "nixpkgs": {
      "locked": {
        "lastModified": 1652059086,
        "narHash": "sha256-CjHSbr6LSFkN4YBdTB6+8ZQmSqhsbiXqAeQ9hQJ/gBI=",
        "owner": "nixos",
        "repo": "nixpkgs",
        "rev": "934e076a441e318897aa17540f6cf7caadc69028",
        "type": "github"
      },
      "original": {
        "owner": "nixos",
        "ref": "nixpkgs-unstable",
        "repo": "nixpkgs",
        "type": "github"
      }
    },
    "nixpkgs_2": {
      "locked": {
        "lastModified": 1652114617,
        "narHash": "sha256-ZsaM9RZu8aZBWEi+/Uv8OmdAGYlW8jIcBmTd3w92aqY=",
        "owner": "NixOS",
        "repo": "nixpkgs",
        "rev": "bff1539d6308493d959497d3a47373cd4a0ea80b",
        "type": "github"
      },
      "original": {
        "owner": "NixOS",
        "repo": "nixpkgs",
        "type": "github"
      }
    },
    "poetry2nix": {
      "inputs": {
        "flake-utils": "flake-utils",
        "nixpkgs": "nixpkgs_2"
      },
      "locked": {
        "lastModified": 1652109132,
        "narHash": "sha256-gvhXZ+idFJCvnmvTw8iIp0KsV4/caUF11IR1K5AAY88=",
        "owner": "nix-community",
        "repo": "poetry2nix",
        "rev": "c2be4579f087a6326d7f49032fee1558547472f3",
        "type": "github"
      },
      "original": {
        "owner": "nix-community",
        "repo": "poetry2nix",
        "type": "github"
      }
    },
    "root": {
      "inputs": {
        "nixpkgs": "nixpkgs",
        "poetry2nix": "poetry2nix",
        "utils": "utils"
      }
    },
    "utils": {
      "locked": {
        "lastModified": 1649676176,
        "narHash": "sha256-OWKJratjt2RW151VUlJPRALb7OU2S5s+f0vLj4o1bHM=",
        "owner": "numtide",
        "repo": "flake-utils",
        "rev": "a4b154ebbdc88c8498a5c7b01589addc9e9cb678",
        "type": "github"
      },
      "original": {
        "owner": "numtide",
        "repo": "flake-utils",
        "type": "github"
      }
    }
  },
  "root": "root",
  "version": 7
}
